
Microsoft Visual Studio Solution File, Format Version 12.00
# Visual Studio 15
VisualStudioVersion = 15.0.28307.421
MinimumVisualStudioVersion = 10.0.40219.1
Project("{FAE04EC0-301F-11D3-BF4B-00C04F79EFBC}") = "RulesEngine", "RulesEngine\RulesEngine.csproj", "{9D7D1A44-4110-45AF-876A-ACEF3D2D5640}"
EndProject
Project("{FAE04EC0-301F-11D3-BF4B-00C04F79EFBC}") = "RulesEngine.Tests", "RulesEngine.Tests\RulesEngine.Tests.csproj", "{15E226E9-6F41-4190-B622-326DF6B0AA7E}"
EndProject
Global
	GlobalSection(SolutionConfigurationPlatforms) = preSolution
		Debug|Any CPU = Debug|Any CPU
		Release|Any CPU = Release|Any CPU
	EndGlobalSection
	GlobalSection(ProjectConfigurationPlatforms) = postSolution
		{9D7D1A44-4110-45AF-876A-ACEF3D2D5640}.Debug|Any CPU.ActiveCfg = Debug|Any CPU
		{9D7D1A44-4110-45AF-876A-ACEF3D2D5640}.Debug|Any CPU.Build.0 = Debug|Any CPU
		{9D7D1A44-4110-45AF-876A-ACEF3D2D5640}.Release|Any CPU.ActiveCfg = Release|Any CPU
		{9D7D1A44-4110-45AF-876A-ACEF3D2D5640}.Release|Any CPU.Build.0 = Release|Any CPU
		{15E226E9-6F41-4190-B622-326DF6B0AA7E}.Debug|Any CPU.ActiveCfg = Debug|Any CPU
		{15E226E9-6F41-4190-B622-326DF6B0AA7E}.Debug|Any CPU.Build.0 = Debug|Any CPU
		{15E226E9-6F41-4190-B622-326DF6B0AA7E}.Release|Any CPU.ActiveCfg = Release|Any CPU
		{15E226E9-6F41-4190-B622-326DF6B0AA7E}.Release|Any CPU.Build.0 = Release|Any CPU
	EndGlobalSection
	GlobalSection(SolutionProperties) = preSolution
		HideSolutionNode = FALSE
	EndGlobalSection
	GlobalSection(ExtensibilityGlobals) = postSolution
		SolutionGuid = {C8E1B606-00EB-49E8-B2DB-FD7F80764B18}
	EndGlobalSection
EndGlobal
